
Microsoft Visual Studio Solution File, Format Version 12.00
# Visual Studio Version 17
VisualStudioVersion = 17.1.32210.238
MinimumVisualStudioVersion = 10.0.40219.1
Project("{8BC9CEB8-8B4A-11D0-8D11-00A0C91BC942}") = "TestUSB2CANSlave_RevG", "TestUSB2CANSlave_RevG.vcxproj", "{AC695A58-015E-4FF3-9DBD-1D6013C77B0D}"
EndProject
Global
	GlobalSection(SolutionConfigurationPlatforms) = preSolution
		Debug|x64 = Debug|x64
		Debug|x86 = Debug|x86
		Release|x64 = Release|x64
		Release|x86 = Release|x86
	EndGlobalSection
	GlobalSection(ProjectConfigurationPlatforms) = postSolution
		{AC695A58-015E-4FF3-9DBD-1D6013C77B0D}.Debug|x64.ActiveCfg = Debug|x64
		{AC695A58-015E-4FF3-9DBD-1D6013C77B0D}.Debug|x64.Build.0 = Debug|x64
		{AC695A58-015E-4FF3-9DBD-1D6013C77B0D}.Debug|x86.ActiveCfg = Debug|Win32
		{AC695A58-015E-4FF3-9DBD-1D6013C77B0D}.Debug|x86.Build.0 = Debug|Win32
		{AC695A58-015E-4FF3-9DBD-1D6013C77B0D}.Release|x64.ActiveCfg = Release|x64
		{AC695A58-015E-4FF3-9DBD-1D6013C77B0D}.Release|x64.Build.0 = Release|x64
		{AC695A58-015E-4FF3-9DBD-1D6013C77B0D}.Release|x86.ActiveCfg = Release|Win32
		{AC695A58-015E-4FF3-9DBD-1D6013C77B0D}.Release|x86.Build.0 = Release|Win32
	EndGlobalSection
	GlobalSection(SolutionProperties) = preSolution
		HideSolutionNode = FALSE
	EndGlobalSection
	GlobalSection(ExtensibilityGlobals) = postSolution
		SolutionGuid = {8115C4C0-F175-4FDF-AB04-935E3132DEB0}
	EndGlobalSection
EndGlobal
